// !$*UTF8*$!
{
	archiveVersion = 1;
	classes = {
	};
	objectVersion = 46;
	objects = {

/* Begin PBXBuildFile section */
		3DC3448C1C9C2A1F003D7F09 /* MaplyAdapter.h in Headers */ = {isa = PBXBuildFile; fileRef = 3DC3448B1C9C2A1F003D7F09 /* MaplyAdapter.h */; settings = {ATTRIBUTES = (Public, ); }; };
		3DC344931C9C2A1F003D7F09 /* MaplyAdapter.framework in Frameworks */ = {isa = PBXBuildFile; fileRef = 3DC344881C9C2A1F003D7F09 /* MaplyAdapter.framework */; };
		3DC344AC1C9C2EB6003D7F09 /* OSBNGUtils.h in Headers */ = {isa = PBXBuildFile; fileRef = 3DC344A41C9C2EB6003D7F09 /* OSBNGUtils.h */; settings = {ATTRIBUTES = (Public, ); }; };
		3DC344AD1C9C2EB6003D7F09 /* OSBNGUtils.m in Sources */ = {isa = PBXBuildFile; fileRef = 3DC344A51C9C2EB6003D7F09 /* OSBNGUtils.m */; };
		3DC344AE1C9C2EB6003D7F09 /* OSMapsAPI.h in Headers */ = {isa = PBXBuildFile; fileRef = 3DC344A61C9C2EB6003D7F09 /* OSMapsAPI.h */; settings = {ATTRIBUTES = (Public, ); }; };
		3DC344AF1C9C2EB6003D7F09 /* OSMapsAPI.m in Sources */ = {isa = PBXBuildFile; fileRef = 3DC344A71C9C2EB6003D7F09 /* OSMapsAPI.m */; };
		3DC344B01C9C2EB6003D7F09 /* OSRemoteTileInfo.h in Headers */ = {isa = PBXBuildFile; fileRef = 3DC344A81C9C2EB6003D7F09 /* OSRemoteTileInfo.h */; };
		3DC344B11C9C2EB6003D7F09 /* OSRemoteTileInfo.m in Sources */ = {isa = PBXBuildFile; fileRef = 3DC344A91C9C2EB6003D7F09 /* OSRemoteTileInfo.m */; };
		3DC344B21C9C2EB6003D7F09 /* OSTileSourceFactory.h in Headers */ = {isa = PBXBuildFile; fileRef = 3DC344AA1C9C2EB6003D7F09 /* OSTileSourceFactory.h */; settings = {ATTRIBUTES = (Public, ); }; };
		3DC344B31C9C2EB6003D7F09 /* OSTileSourceFactory.m in Sources */ = {isa = PBXBuildFile; fileRef = 3DC344AB1C9C2EB6003D7F09 /* OSTileSourceFactory.m */; };
		3DC344C51C9C546E003D7F09 /* libWhirlyGlobe-MaplyComponent.a in Frameworks */ = {isa = PBXBuildFile; fileRef = 3DC344C01C9C515E003D7F09 /* libWhirlyGlobe-MaplyComponent.a */; };
		3DC344C71C9C5482003D7F09 /* CoreLocation.framework in Frameworks */ = {isa = PBXBuildFile; fileRef = 3DC344C61C9C5482003D7F09 /* CoreLocation.framework */; };
		3DC344C91C9C5490003D7F09 /* libsqlite3.tbd in Frameworks */ = {isa = PBXBuildFile; fileRef = 3DC344C81C9C5490003D7F09 /* libsqlite3.tbd */; };
		3DC344CB1C9C549D003D7F09 /* libxml2.tbd in Frameworks */ = {isa = PBXBuildFile; fileRef = 3DC344CA1C9C549D003D7F09 /* libxml2.tbd */; };
		3DC344CD1C9C54A9003D7F09 /* libc++.tbd in Frameworks */ = {isa = PBXBuildFile; fileRef = 3DC344CC1C9C54A9003D7F09 /* libc++.tbd */; };
		3DC344CF1C9C54B6003D7F09 /* libz.tbd in Frameworks */ = {isa = PBXBuildFile; fileRef = 3DC344CE1C9C54B6003D7F09 /* libz.tbd */; };
		3DC344E21C9DF2CF003D7F09 /* OSBNGUtilsTests.m in Sources */ = {isa = PBXBuildFile; fileRef = 3DC344E11C9DF2CF003D7F09 /* OSBNGUtilsTests.m */; };
		3DC344E41C9DF5BB003D7F09 /* Expecta.framework in Frameworks */ = {isa = PBXBuildFile; fileRef = 3DC344E31C9DF5BB003D7F09 /* Expecta.framework */; };
		3DC344E51C9DF5E9003D7F09 /* Expecta.framework in Embed Frameworks */ = {isa = PBXBuildFile; fileRef = 3DC344E31C9DF5BB003D7F09 /* Expecta.framework */; settings = {ATTRIBUTES = (CodeSignOnCopy, RemoveHeadersOnCopy, ); }; };
		3DC344E71C9DFC14003D7F09 /* OSMapsAPITests.m in Sources */ = {isa = PBXBuildFile; fileRef = 3DC344E61C9DFC14003D7F09 /* OSMapsAPITests.m */; };
		3DC344E91C9E030F003D7F09 /* OSTileSourceFactoryTests.m in Sources */ = {isa = PBXBuildFile; fileRef = 3DC344E81C9E030F003D7F09 /* OSTileSourceFactoryTests.m */; };
		3DC344EB1C9E05F5003D7F09 /* OSRemoteTileInfoTests.m in Sources */ = {isa = PBXBuildFile; fileRef = 3DC344EA1C9E05F4003D7F09 /* OSRemoteTileInfoTests.m */; };
		3DC344F41C9E1076003D7F09 /* main.m in Sources */ = {isa = PBXBuildFile; fileRef = 3DC344F31C9E1076003D7F09 /* main.m */; };
		3DC344F71C9E1076003D7F09 /* AppDelegate.m in Sources */ = {isa = PBXBuildFile; fileRef = 3DC344F61C9E1076003D7F09 /* AppDelegate.m */; };
		3DC344FA1C9E1076003D7F09 /* ViewController.m in Sources */ = {isa = PBXBuildFile; fileRef = 3DC344F91C9E1076003D7F09 /* ViewController.m */; };
		3DC344FD1C9E1076003D7F09 /* Main.storyboard in Resources */ = {isa = PBXBuildFile; fileRef = 3DC344FB1C9E1076003D7F09 /* Main.storyboard */; };
		3DC344FF1C9E1076003D7F09 /* Assets.xcassets in Resources */ = {isa = PBXBuildFile; fileRef = 3DC344FE1C9E1076003D7F09 /* Assets.xcassets */; };
		3DC345021C9E1076003D7F09 /* LaunchScreen.storyboard in Resources */ = {isa = PBXBuildFile; fileRef = 3DC345001C9E1076003D7F09 /* LaunchScreen.storyboard */; };
		3DC345091C9E12E4003D7F09 /* MaplyAdapter.framework in Frameworks */ = {isa = PBXBuildFile; fileRef = 3DC344881C9C2A1F003D7F09 /* MaplyAdapter.framework */; };
		3DC3450B1C9E1332003D7F09 /* MaplyAdapter.framework in Embed Frameworks */ = {isa = PBXBuildFile; fileRef = 3DC344881C9C2A1F003D7F09 /* MaplyAdapter.framework */; settings = {ATTRIBUTES = (CodeSignOnCopy, RemoveHeadersOnCopy, ); }; };
		3DC3450E1C9E166C003D7F09 /* libWhirlyGlobe-MaplyComponent.a in Frameworks */ = {isa = PBXBuildFile; fileRef = 3DC344C01C9C515E003D7F09 /* libWhirlyGlobe-MaplyComponent.a */; };
		3DC3450F1C9E1673003D7F09 /* CoreLocation.framework in Frameworks */ = {isa = PBXBuildFile; fileRef = 3DC344C61C9C5482003D7F09 /* CoreLocation.framework */; };
		3DC345101C9E1689003D7F09 /* libz.tbd in Frameworks */ = {isa = PBXBuildFile; fileRef = 3DC344CE1C9C54B6003D7F09 /* libz.tbd */; };
		3DC345111C9E1691003D7F09 /* libc++.tbd in Frameworks */ = {isa = PBXBuildFile; fileRef = 3DC344CC1C9C54A9003D7F09 /* libc++.tbd */; };
		3DC345121C9E169E003D7F09 /* libxml2.tbd in Frameworks */ = {isa = PBXBuildFile; fileRef = 3DC344CA1C9C549D003D7F09 /* libxml2.tbd */; };
		3DC345141C9E1787003D7F09 /* APIKEY in Resources */ = {isa = PBXBuildFile; fileRef = 3DC345131C9E1787003D7F09 /* APIKEY */; };
		3DC345281CA15B80003D7F09 /* OSTransformation.framework in Frameworks */ = {isa = PBXBuildFile; fileRef = 3DC345271CA15B80003D7F09 /* OSTransformation.framework */; };
		3DC345291CA15B87003D7F09 /* OSTransformation.framework in Frameworks */ = {isa = PBXBuildFile; fileRef = 3DC345271CA15B80003D7F09 /* OSTransformation.framework */; };
		3DC3452A1CA15B89003D7F09 /* OSTransformation.framework in Embed Frameworks */ = {isa = PBXBuildFile; fileRef = 3DC345271CA15B80003D7F09 /* OSTransformation.framework */; settings = {ATTRIBUTES = (CodeSignOnCopy, RemoveHeadersOnCopy, ); }; };
		3DC3452C1CA16381003D7F09 /* OSTransformation.framework in Embed Frameworks */ = {isa = PBXBuildFile; fileRef = 3DC345271CA15B80003D7F09 /* OSTransformation.framework */; settings = {ATTRIBUTES = (CodeSignOnCopy, RemoveHeadersOnCopy, ); }; };
/* End PBXBuildFile section */

/* Begin PBXContainerItemProxy section */
		3DC344941C9C2A1F003D7F09 /* PBXContainerItemProxy */ = {
			isa = PBXContainerItemProxy;
			containerPortal = 3DC3447F1C9C2A1F003D7F09 /* Project object */;
			proxyType = 1;
			remoteGlobalIDString = 3DC344871C9C2A1F003D7F09;
			remoteInfo = MaplyAdapter;
		};
		3DC344BF1C9C515E003D7F09 /* PBXContainerItemProxy */ = {
			isa = PBXContainerItemProxy;
			containerPortal = 3DC344BA1C9C515E003D7F09 /* WhirlyGlobe-MaplyComponent.xcodeproj */;
			proxyType = 2;
			remoteGlobalIDString = 2B11E0DB15B4C030007AAE3F;
			remoteInfo = "WhirlyGlobe-MaplyComponent";
		};
		3DC344C31C9C5196003D7F09 /* PBXContainerItemProxy */ = {
			isa = PBXContainerItemProxy;
			containerPortal = 3DC344BA1C9C515E003D7F09 /* WhirlyGlobe-MaplyComponent.xcodeproj */;
			proxyType = 1;
			remoteGlobalIDString = 2B11E0DA15B4C030007AAE3F;
			remoteInfo = "WhirlyGlobe-MaplyComponent";
		};
		3DC345071C9E1218003D7F09 /* PBXContainerItemProxy */ = {
			isa = PBXContainerItemProxy;
			containerPortal = 3DC3447F1C9C2A1F003D7F09 /* Project object */;
			proxyType = 1;
			remoteGlobalIDString = 3DC344871C9C2A1F003D7F09;
			remoteInfo = MaplyAdapter;
		};
/* End PBXContainerItemProxy section */

/* Begin PBXCopyFilesBuildPhase section */
		3DC344B71C9C3F20003D7F09 /* Embed Frameworks */ = {
			isa = PBXCopyFilesBuildPhase;
			buildActionMask = 2147483647;
			dstPath = "";
			dstSubfolderSpec = 10;
			files = (
				3DC344E51C9DF5E9003D7F09 /* Expecta.framework in Embed Frameworks */,
				3DC3452C1CA16381003D7F09 /* OSTransformation.framework in Embed Frameworks */,
			);
			name = "Embed Frameworks";
			runOnlyForDeploymentPostprocessing = 0;
		};
		3DC3450A1C9E1324003D7F09 /* Embed Frameworks */ = {
			isa = PBXCopyFilesBuildPhase;
			buildActionMask = 2147483647;
			dstPath = "";
			dstSubfolderSpec = 10;
			files = (
				3DC3450B1C9E1332003D7F09 /* MaplyAdapter.framework in Embed Frameworks */,
				3DC3452A1CA15B89003D7F09 /* OSTransformation.framework in Embed Frameworks */,
			);
			name = "Embed Frameworks";
			runOnlyForDeploymentPostprocessing = 0;
		};
/* End PBXCopyFilesBuildPhase section */

/* Begin PBXFileReference section */
		3DC344881C9C2A1F003D7F09 /* MaplyAdapter.framework */ = {isa = PBXFileReference; explicitFileType = wrapper.framework; includeInIndex = 0; path = MaplyAdapter.framework; sourceTree = BUILT_PRODUCTS_DIR; };
		3DC3448B1C9C2A1F003D7F09 /* MaplyAdapter.h */ = {isa = PBXFileReference; lastKnownFileType = sourcecode.c.h; path = MaplyAdapter.h; sourceTree = "<group>"; };
		3DC3448D1C9C2A1F003D7F09 /* Info.plist */ = {isa = PBXFileReference; lastKnownFileType = text.plist.xml; path = Info.plist; sourceTree = "<group>"; };
		3DC344921C9C2A1F003D7F09 /* MaplyAdapterTests.xctest */ = {isa = PBXFileReference; explicitFileType = wrapper.cfbundle; includeInIndex = 0; path = MaplyAdapterTests.xctest; sourceTree = BUILT_PRODUCTS_DIR; };
		3DC344991C9C2A1F003D7F09 /* Info.plist */ = {isa = PBXFileReference; lastKnownFileType = text.plist.xml; path = Info.plist; sourceTree = "<group>"; };
		3DC344A41C9C2EB6003D7F09 /* OSBNGUtils.h */ = {isa = PBXFileReference; fileEncoding = 4; lastKnownFileType = sourcecode.c.h; path = OSBNGUtils.h; sourceTree = "<group>"; };
		3DC344A51C9C2EB6003D7F09 /* OSBNGUtils.m */ = {isa = PBXFileReference; fileEncoding = 4; lastKnownFileType = sourcecode.c.objc; path = OSBNGUtils.m; sourceTree = "<group>"; };
		3DC344A61C9C2EB6003D7F09 /* OSMapsAPI.h */ = {isa = PBXFileReference; fileEncoding = 4; lastKnownFileType = sourcecode.c.h; path = OSMapsAPI.h; sourceTree = "<group>"; };
		3DC344A71C9C2EB6003D7F09 /* OSMapsAPI.m */ = {isa = PBXFileReference; fileEncoding = 4; lastKnownFileType = sourcecode.c.objc; path = OSMapsAPI.m; sourceTree = "<group>"; };
		3DC344A81C9C2EB6003D7F09 /* OSRemoteTileInfo.h */ = {isa = PBXFileReference; fileEncoding = 4; lastKnownFileType = sourcecode.c.h; path = OSRemoteTileInfo.h; sourceTree = "<group>"; };
		3DC344A91C9C2EB6003D7F09 /* OSRemoteTileInfo.m */ = {isa = PBXFileReference; fileEncoding = 4; lastKnownFileType = sourcecode.c.objc; path = OSRemoteTileInfo.m; sourceTree = "<group>"; };
		3DC344AA1C9C2EB6003D7F09 /* OSTileSourceFactory.h */ = {isa = PBXFileReference; fileEncoding = 4; lastKnownFileType = sourcecode.c.h; path = OSTileSourceFactory.h; sourceTree = "<group>"; };
		3DC344AB1C9C2EB6003D7F09 /* OSTileSourceFactory.m */ = {isa = PBXFileReference; fileEncoding = 4; lastKnownFileType = sourcecode.c.objc; path = OSTileSourceFactory.m; sourceTree = "<group>"; };
		3DC344BA1C9C515E003D7F09 /* WhirlyGlobe-MaplyComponent.xcodeproj */ = {isa = PBXFileReference; lastKnownFileType = "wrapper.pb-project"; name = "WhirlyGlobe-MaplyComponent.xcodeproj"; path = "Submodules/WhirlyGlobeSrc/WhirlyGlobe-MaplyComponent/WhirlyGlobe-MaplyComponent.xcodeproj"; sourceTree = SOURCE_ROOT; };
		3DC344C61C9C5482003D7F09 /* CoreLocation.framework */ = {isa = PBXFileReference; lastKnownFileType = wrapper.framework; name = CoreLocation.framework; path = System/Library/Frameworks/CoreLocation.framework; sourceTree = SDKROOT; };
		3DC344C81C9C5490003D7F09 /* libsqlite3.tbd */ = {isa = PBXFileReference; lastKnownFileType = "sourcecode.text-based-dylib-definition"; name = libsqlite3.tbd; path = usr/lib/libsqlite3.tbd; sourceTree = SDKROOT; };
		3DC344CA1C9C549D003D7F09 /* libxml2.tbd */ = {isa = PBXFileReference; lastKnownFileType = "sourcecode.text-based-dylib-definition"; name = libxml2.tbd; path = usr/lib/libxml2.tbd; sourceTree = SDKROOT; };
		3DC344CC1C9C54A9003D7F09 /* libc++.tbd */ = {isa = PBXFileReference; lastKnownFileType = "sourcecode.text-based-dylib-definition"; name = "libc++.tbd"; path = "usr/lib/libc++.tbd"; sourceTree = SDKROOT; };
		3DC344CE1C9C54B6003D7F09 /* libz.tbd */ = {isa = PBXFileReference; lastKnownFileType = "sourcecode.text-based-dylib-definition"; name = libz.tbd; path = usr/lib/libz.tbd; sourceTree = SDKROOT; };
		3DC344E11C9DF2CF003D7F09 /* OSBNGUtilsTests.m */ = {isa = PBXFileReference; fileEncoding = 4; lastKnownFileType = sourcecode.c.objc; path = OSBNGUtilsTests.m; sourceTree = "<group>"; };
		3DC344E31C9DF5BB003D7F09 /* Expecta.framework */ = {isa = PBXFileReference; lastKnownFileType = wrapper.framework; name = Expecta.framework; path = Carthage/Build/iOS/Expecta.framework; sourceTree = SOURCE_ROOT; };
		3DC344E61C9DFC14003D7F09 /* OSMapsAPITests.m */ = {isa = PBXFileReference; fileEncoding = 4; lastKnownFileType = sourcecode.c.objc; path = OSMapsAPITests.m; sourceTree = "<group>"; };
		3DC344E81C9E030F003D7F09 /* OSTileSourceFactoryTests.m */ = {isa = PBXFileReference; fileEncoding = 4; lastKnownFileType = sourcecode.c.objc; path = OSTileSourceFactoryTests.m; sourceTree = "<group>"; };
		3DC344EA1C9E05F4003D7F09 /* OSRemoteTileInfoTests.m */ = {isa = PBXFileReference; fileEncoding = 4; lastKnownFileType = sourcecode.c.objc; path = OSRemoteTileInfoTests.m; sourceTree = "<group>"; };
		3DC344F01C9E1076003D7F09 /* MaplyExampleObjC.app */ = {isa = PBXFileReference; explicitFileType = wrapper.application; includeInIndex = 0; path = MaplyExampleObjC.app; sourceTree = BUILT_PRODUCTS_DIR; };
		3DC344F31C9E1076003D7F09 /* main.m */ = {isa = PBXFileReference; lastKnownFileType = sourcecode.c.objc; path = main.m; sourceTree = "<group>"; };
		3DC344F51C9E1076003D7F09 /* AppDelegate.h */ = {isa = PBXFileReference; lastKnownFileType = sourcecode.c.h; path = AppDelegate.h; sourceTree = "<group>"; };
		3DC344F61C9E1076003D7F09 /* AppDelegate.m */ = {isa = PBXFileReference; lastKnownFileType = sourcecode.c.objc; path = AppDelegate.m; sourceTree = "<group>"; };
		3DC344F81C9E1076003D7F09 /* ViewController.h */ = {isa = PBXFileReference; lastKnownFileType = sourcecode.c.h; path = ViewController.h; sourceTree = "<group>"; };
		3DC344F91C9E1076003D7F09 /* ViewController.m */ = {isa = PBXFileReference; lastKnownFileType = sourcecode.c.objc; path = ViewController.m; sourceTree = "<group>"; };
		3DC344FC1C9E1076003D7F09 /* Base */ = {isa = PBXFileReference; lastKnownFileType = file.storyboard; name = Base; path = Base.lproj/Main.storyboard; sourceTree = "<group>"; };
		3DC344FE1C9E1076003D7F09 /* Assets.xcassets */ = {isa = PBXFileReference; lastKnownFileType = folder.assetcatalog; path = Assets.xcassets; sourceTree = "<group>"; };
		3DC345011C9E1076003D7F09 /* Base */ = {isa = PBXFileReference; lastKnownFileType = file.storyboard; name = Base; path = Base.lproj/LaunchScreen.storyboard; sourceTree = "<group>"; };
		3DC345031C9E1076003D7F09 /* Info.plist */ = {isa = PBXFileReference; lastKnownFileType = text.plist.xml; path = Info.plist; sourceTree = "<group>"; };
		3DC345131C9E1787003D7F09 /* APIKEY */ = {isa = PBXFileReference; fileEncoding = 4; lastKnownFileType = text; path = APIKEY; sourceTree = SOURCE_ROOT; };
		3DC345271CA15B80003D7F09 /* OSTransformation.framework */ = {isa = PBXFileReference; lastKnownFileType = wrapper.framework; name = OSTransformation.framework; path = Carthage/Build/iOS/OSTransformation.framework; sourceTree = SOURCE_ROOT; };
/* End PBXFileReference section */

/* Begin PBXFrameworksBuildPhase section */
		3DC344841C9C2A1F003D7F09 /* Frameworks */ = {
			isa = PBXFrameworksBuildPhase;
			buildActionMask = 2147483647;
			files = (
				3DC344CF1C9C54B6003D7F09 /* libz.tbd in Frameworks */,
				3DC344CD1C9C54A9003D7F09 /* libc++.tbd in Frameworks */,
				3DC344CB1C9C549D003D7F09 /* libxml2.tbd in Frameworks */,
				3DC344C91C9C5490003D7F09 /* libsqlite3.tbd in Frameworks */,
				3DC344C71C9C5482003D7F09 /* CoreLocation.framework in Frameworks */,
				3DC344C51C9C546E003D7F09 /* libWhirlyGlobe-MaplyComponent.a in Frameworks */,
				3DC345281CA15B80003D7F09 /* OSTransformation.framework in Frameworks */,
			);
			runOnlyForDeploymentPostprocessing = 0;
		};
		3DC3448F1C9C2A1F003D7F09 /* Frameworks */ = {
			isa = PBXFrameworksBuildPhase;
			buildActionMask = 2147483647;
			files = (
				3DC344E41C9DF5BB003D7F09 /* Expecta.framework in Frameworks */,
				3DC344931C9C2A1F003D7F09 /* MaplyAdapter.framework in Frameworks */,
			);
			runOnlyForDeploymentPostprocessing = 0;
		};
		3DC344ED1C9E1076003D7F09 /* Frameworks */ = {
			isa = PBXFrameworksBuildPhase;
			buildActionMask = 2147483647;
			files = (
				3DC345121C9E169E003D7F09 /* libxml2.tbd in Frameworks */,
				3DC345111C9E1691003D7F09 /* libc++.tbd in Frameworks */,
				3DC345101C9E1689003D7F09 /* libz.tbd in Frameworks */,
				3DC345291CA15B87003D7F09 /* OSTransformation.framework in Frameworks */,
				3DC3450F1C9E1673003D7F09 /* CoreLocation.framework in Frameworks */,
				3DC345091C9E12E4003D7F09 /* MaplyAdapter.framework in Frameworks */,
				3DC3450E1C9E166C003D7F09 /* libWhirlyGlobe-MaplyComponent.a in Frameworks */,
			);
			runOnlyForDeploymentPostprocessing = 0;
		};
/* End PBXFrameworksBuildPhase section */

/* Begin PBXGroup section */
		3DC3447E1C9C2A1F003D7F09 = {
			isa = PBXGroup;
			children = (
				3DC3448A1C9C2A1F003D7F09 /* MaplyAdapter */,
				3DC344961C9C2A1F003D7F09 /* MaplyAdapterTests */,
				3DC344F11C9E1076003D7F09 /* MaplyExampleObjC */,
				3DC344891C9C2A1F003D7F09 /* Products */,
			);
			sourceTree = "<group>";
		};
		3DC344891C9C2A1F003D7F09 /* Products */ = {
			isa = PBXGroup;
			children = (
				3DC344881C9C2A1F003D7F09 /* MaplyAdapter.framework */,
				3DC344921C9C2A1F003D7F09 /* MaplyAdapterTests.xctest */,
				3DC344F01C9E1076003D7F09 /* MaplyExampleObjC.app */,
			);
			name = Products;
			sourceTree = "<group>";
		};
		3DC3448A1C9C2A1F003D7F09 /* MaplyAdapter */ = {
			isa = PBXGroup;
			children = (
				3DC3448B1C9C2A1F003D7F09 /* MaplyAdapter.h */,
				3DC344D01C9C54D4003D7F09 /* Frameworks */,
				3DC344A41C9C2EB6003D7F09 /* OSBNGUtils.h */,
				3DC344A51C9C2EB6003D7F09 /* OSBNGUtils.m */,
				3DC344A61C9C2EB6003D7F09 /* OSMapsAPI.h */,
				3DC344A71C9C2EB6003D7F09 /* OSMapsAPI.m */,
				3DC344A81C9C2EB6003D7F09 /* OSRemoteTileInfo.h */,
				3DC344A91C9C2EB6003D7F09 /* OSRemoteTileInfo.m */,
				3DC344AA1C9C2EB6003D7F09 /* OSTileSourceFactory.h */,
				3DC344AB1C9C2EB6003D7F09 /* OSTileSourceFactory.m */,
				3DC3448D1C9C2A1F003D7F09 /* Info.plist */,
				3DC344BA1C9C515E003D7F09 /* WhirlyGlobe-MaplyComponent.xcodeproj */,
			);
			path = MaplyAdapter;
			sourceTree = "<group>";
		};
		3DC344961C9C2A1F003D7F09 /* MaplyAdapterTests */ = {
			isa = PBXGroup;
			children = (
				3DC344E11C9DF2CF003D7F09 /* OSBNGUtilsTests.m */,
				3DC344E61C9DFC14003D7F09 /* OSMapsAPITests.m */,
				3DC344E81C9E030F003D7F09 /* OSTileSourceFactoryTests.m */,
				3DC344EA1C9E05F4003D7F09 /* OSRemoteTileInfoTests.m */,
				3DC344991C9C2A1F003D7F09 /* Info.plist */,
				3DC344E31C9DF5BB003D7F09 /* Expecta.framework */,
			);
			path = MaplyAdapterTests;
			sourceTree = "<group>";
		};
		3DC344BB1C9C515E003D7F09 /* Products */ = {
			isa = PBXGroup;
			children = (
				3DC344C01C9C515E003D7F09 /* libWhirlyGlobe-MaplyComponent.a */,
			);
			name = Products;
			sourceTree = "<group>";
		};
		3DC344D01C9C54D4003D7F09 /* Frameworks */ = {
			isa = PBXGroup;
			children = (
				3DC345271CA15B80003D7F09 /* OSTransformation.framework */,
				3DC344C61C9C5482003D7F09 /* CoreLocation.framework */,
				3DC344CE1C9C54B6003D7F09 /* libz.tbd */,
				3DC344CC1C9C54A9003D7F09 /* libc++.tbd */,
				3DC344CA1C9C549D003D7F09 /* libxml2.tbd */,
				3DC344C81C9C5490003D7F09 /* libsqlite3.tbd */,
			);
			name = Frameworks;
			sourceTree = "<group>";
		};
		3DC344F11C9E1076003D7F09 /* MaplyExampleObjC */ = {
			isa = PBXGroup;
			children = (
				3DC344F51C9E1076003D7F09 /* AppDelegate.h */,
				3DC344F61C9E1076003D7F09 /* AppDelegate.m */,
				3DC344F81C9E1076003D7F09 /* ViewController.h */,
				3DC344F91C9E1076003D7F09 /* ViewController.m */,
				3DC344FB1C9E1076003D7F09 /* Main.storyboard */,
				3DC344FE1C9E1076003D7F09 /* Assets.xcassets */,
				3DC345001C9E1076003D7F09 /* LaunchScreen.storyboard */,
				3DC345031C9E1076003D7F09 /* Info.plist */,
				3DC345131C9E1787003D7F09 /* APIKEY */,
				3DC344F21C9E1076003D7F09 /* Supporting Files */,
			);
			path = MaplyExampleObjC;
			sourceTree = "<group>";
		};
		3DC344F21C9E1076003D7F09 /* Supporting Files */ = {
			isa = PBXGroup;
			children = (
				3DC344F31C9E1076003D7F09 /* main.m */,
			);
			name = "Supporting Files";
			sourceTree = "<group>";
		};
/* End PBXGroup section */

/* Begin PBXHeadersBuildPhase section */
		3DC344851C9C2A1F003D7F09 /* Headers */ = {
			isa = PBXHeadersBuildPhase;
			buildActionMask = 2147483647;
			files = (
				3DC344B21C9C2EB6003D7F09 /* OSTileSourceFactory.h in Headers */,
				3DC344AE1C9C2EB6003D7F09 /* OSMapsAPI.h in Headers */,
				3DC344AC1C9C2EB6003D7F09 /* OSBNGUtils.h in Headers */,
				3DC3448C1C9C2A1F003D7F09 /* MaplyAdapter.h in Headers */,
				3DC344B01C9C2EB6003D7F09 /* OSRemoteTileInfo.h in Headers */,
			);
			runOnlyForDeploymentPostprocessing = 0;
		};
/* End PBXHeadersBuildPhase section */

/* Begin PBXNativeTarget section */
		3DC344871C9C2A1F003D7F09 /* MaplyAdapter */ = {
			isa = PBXNativeTarget;
			buildConfigurationList = 3DC3449C1C9C2A1F003D7F09 /* Build configuration list for PBXNativeTarget "MaplyAdapter" */;
			buildPhases = (
				3DC344831C9C2A1F003D7F09 /* Sources */,
				3DC344841C9C2A1F003D7F09 /* Frameworks */,
				3DC344851C9C2A1F003D7F09 /* Headers */,
				3DC344861C9C2A1F003D7F09 /* Resources */,
			);
			buildRules = (
			);
			dependencies = (
				3DC344C41C9C5196003D7F09 /* PBXTargetDependency */,
			);
			name = MaplyAdapter;
			productName = MaplyAdapter;
			productReference = 3DC344881C9C2A1F003D7F09 /* MaplyAdapter.framework */;
			productType = "com.apple.product-type.framework";
		};
		3DC344911C9C2A1F003D7F09 /* MaplyAdapterTests */ = {
			isa = PBXNativeTarget;
			buildConfigurationList = 3DC3449F1C9C2A1F003D7F09 /* Build configuration list for PBXNativeTarget "MaplyAdapterTests" */;
			buildPhases = (
				3DC3448E1C9C2A1F003D7F09 /* Sources */,
				3DC3448F1C9C2A1F003D7F09 /* Frameworks */,
				3DC344901C9C2A1F003D7F09 /* Resources */,
				3DC344B71C9C3F20003D7F09 /* Embed Frameworks */,
			);
			buildRules = (
			);
			dependencies = (
				3DC344951C9C2A1F003D7F09 /* PBXTargetDependency */,
			);
			name = MaplyAdapterTests;
			productName = MaplyAdapterTests;
			productReference = 3DC344921C9C2A1F003D7F09 /* MaplyAdapterTests.xctest */;
			productType = "com.apple.product-type.bundle.unit-test";
		};
		3DC344EF1C9E1076003D7F09 /* MaplyExampleObjC */ = {
			isa = PBXNativeTarget;
			buildConfigurationList = 3DC345041C9E1076003D7F09 /* Build configuration list for PBXNativeTarget "MaplyExampleObjC" */;
			buildPhases = (
				3DC344EC1C9E1076003D7F09 /* Sources */,
				3DC344ED1C9E1076003D7F09 /* Frameworks */,
				3DC344EE1C9E1076003D7F09 /* Resources */,
				3DC3450A1C9E1324003D7F09 /* Embed Frameworks */,
			);
			buildRules = (
			);
			dependencies = (
				3DC345081C9E1218003D7F09 /* PBXTargetDependency */,
			);
			name = MaplyExampleObjC;
			productName = MaplyExampleObjC;
			productReference = 3DC344F01C9E1076003D7F09 /* MaplyExampleObjC.app */;
			productType = "com.apple.product-type.application";
		};
/* End PBXNativeTarget section */

/* Begin PBXProject section */
		3DC3447F1C9C2A1F003D7F09 /* Project object */ = {
			isa = PBXProject;
			attributes = {
				LastSwiftUpdateCheck = 0720;
				LastUpgradeCheck = 0720;
				ORGANIZATIONNAME = "Ordnance Survey";
				TargetAttributes = {
					3DC344871C9C2A1F003D7F09 = {
						CreatedOnToolsVersion = 7.2;
					};
					3DC344911C9C2A1F003D7F09 = {
						CreatedOnToolsVersion = 7.2;
					};
					3DC344EF1C9E1076003D7F09 = {
						CreatedOnToolsVersion = 7.2;
					};
				};
			};
			buildConfigurationList = 3DC344821C9C2A1F003D7F09 /* Build configuration list for PBXProject "MaplyAdapter" */;
			compatibilityVersion = "Xcode 3.2";
			developmentRegion = English;
			hasScannedForEncodings = 0;
			knownRegions = (
				en,
				Base,
			);
			mainGroup = 3DC3447E1C9C2A1F003D7F09;
			productRefGroup = 3DC344891C9C2A1F003D7F09 /* Products */;
			projectDirPath = "";
			projectReferences = (
				{
					ProductGroup = 3DC344BB1C9C515E003D7F09 /* Products */;
					ProjectRef = 3DC344BA1C9C515E003D7F09 /* WhirlyGlobe-MaplyComponent.xcodeproj */;
				},
			);
			projectRoot = "";
			targets = (
				3DC344871C9C2A1F003D7F09 /* MaplyAdapter */,
				3DC344911C9C2A1F003D7F09 /* MaplyAdapterTests */,
				3DC344EF1C9E1076003D7F09 /* MaplyExampleObjC */,
			);
		};
/* End PBXProject section */

/* Begin PBXReferenceProxy section */
		3DC344C01C9C515E003D7F09 /* libWhirlyGlobe-MaplyComponent.a */ = {
			isa = PBXReferenceProxy;
			fileType = archive.ar;
			path = "libWhirlyGlobe-MaplyComponent.a";
			remoteRef = 3DC344BF1C9C515E003D7F09 /* PBXContainerItemProxy */;
			sourceTree = BUILT_PRODUCTS_DIR;
		};
/* End PBXReferenceProxy section */

/* Begin PBXResourcesBuildPhase section */
		3DC344861C9C2A1F003D7F09 /* Resources */ = {
			isa = PBXResourcesBuildPhase;
			buildActionMask = 2147483647;
			files = (
			);
			runOnlyForDeploymentPostprocessing = 0;
		};
		3DC344901C9C2A1F003D7F09 /* Resources */ = {
			isa = PBXResourcesBuildPhase;
			buildActionMask = 2147483647;
			files = (
			);
			runOnlyForDeploymentPostprocessing = 0;
		};
		3DC344EE1C9E1076003D7F09 /* Resources */ = {
			isa = PBXResourcesBuildPhase;
			buildActionMask = 2147483647;
			files = (
				3DC345021C9E1076003D7F09 /* LaunchScreen.storyboard in Resources */,
				3DC345141C9E1787003D7F09 /* APIKEY in Resources */,
				3DC344FF1C9E1076003D7F09 /* Assets.xcassets in Resources */,
				3DC344FD1C9E1076003D7F09 /* Main.storyboard in Resources */,
			);
			runOnlyForDeploymentPostprocessing = 0;
		};
/* End PBXResourcesBuildPhase section */

/* Begin PBXSourcesBuildPhase section */
		3DC344831C9C2A1F003D7F09 /* Sources */ = {
			isa = PBXSourcesBuildPhase;
			buildActionMask = 2147483647;
			files = (
				3DC344AD1C9C2EB6003D7F09 /* OSBNGUtils.m in Sources */,
				3DC344B31C9C2EB6003D7F09 /* OSTileSourceFactory.m in Sources */,
				3DC344B11C9C2EB6003D7F09 /* OSRemoteTileInfo.m in Sources */,
				3DC344AF1C9C2EB6003D7F09 /* OSMapsAPI.m in Sources */,
			);
			runOnlyForDeploymentPostprocessing = 0;
		};
		3DC3448E1C9C2A1F003D7F09 /* Sources */ = {
			isa = PBXSourcesBuildPhase;
			buildActionMask = 2147483647;
			files = (
				3DC344E91C9E030F003D7F09 /* OSTileSourceFactoryTests.m in Sources */,
				3DC344EB1C9E05F5003D7F09 /* OSRemoteTileInfoTests.m in Sources */,
				3DC344E21C9DF2CF003D7F09 /* OSBNGUtilsTests.m in Sources */,
				3DC344E71C9DFC14003D7F09 /* OSMapsAPITests.m in Sources */,
			);
			runOnlyForDeploymentPostprocessing = 0;
		};
		3DC344EC1C9E1076003D7F09 /* Sources */ = {
			isa = PBXSourcesBuildPhase;
			buildActionMask = 2147483647;
			files = (
				3DC344FA1C9E1076003D7F09 /* ViewController.m in Sources */,
				3DC344F71C9E1076003D7F09 /* AppDelegate.m in Sources */,
				3DC344F41C9E1076003D7F09 /* main.m in Sources */,
			);
			runOnlyForDeploymentPostprocessing = 0;
		};
/* End PBXSourcesBuildPhase section */

/* Begin PBXTargetDependency section */
		3DC344951C9C2A1F003D7F09 /* PBXTargetDependency */ = {
			isa = PBXTargetDependency;
			target = 3DC344871C9C2A1F003D7F09 /* MaplyAdapter */;
			targetProxy = 3DC344941C9C2A1F003D7F09 /* PBXContainerItemProxy */;
		};
		3DC344C41C9C5196003D7F09 /* PBXTargetDependency */ = {
			isa = PBXTargetDependency;
			name = "WhirlyGlobe-MaplyComponent";
			targetProxy = 3DC344C31C9C5196003D7F09 /* PBXContainerItemProxy */;
		};
		3DC345081C9E1218003D7F09 /* PBXTargetDependency */ = {
			isa = PBXTargetDependency;
			target = 3DC344871C9C2A1F003D7F09 /* MaplyAdapter */;
			targetProxy = 3DC345071C9E1218003D7F09 /* PBXContainerItemProxy */;
		};
/* End PBXTargetDependency section */

/* Begin PBXVariantGroup section */
		3DC344FB1C9E1076003D7F09 /* Main.storyboard */ = {
			isa = PBXVariantGroup;
			children = (
				3DC344FC1C9E1076003D7F09 /* Base */,
			);
			name = Main.storyboard;
			sourceTree = "<group>";
		};
		3DC345001C9E1076003D7F09 /* LaunchScreen.storyboard */ = {
			isa = PBXVariantGroup;
			children = (
				3DC345011C9E1076003D7F09 /* Base */,
			);
			name = LaunchScreen.storyboard;
			sourceTree = "<group>";
		};
/* End PBXVariantGroup section */

/* Begin XCBuildConfiguration section */
		3DC3449A1C9C2A1F003D7F09 /* Debug */ = {
			isa = XCBuildConfiguration;
			buildSettings = {
				ALWAYS_SEARCH_USER_PATHS = NO;
				CLANG_CXX_LANGUAGE_STANDARD = "gnu++0x";
				CLANG_CXX_LIBRARY = "libc++";
				CLANG_ENABLE_MODULES = YES;
				CLANG_ENABLE_OBJC_ARC = YES;
				CLANG_WARN_BOOL_CONVERSION = YES;
				CLANG_WARN_CONSTANT_CONVERSION = YES;
				CLANG_WARN_DIRECT_OBJC_ISA_USAGE = YES_ERROR;
				CLANG_WARN_EMPTY_BODY = YES;
				CLANG_WARN_ENUM_CONVERSION = YES;
				CLANG_WARN_INT_CONVERSION = YES;
				CLANG_WARN_OBJC_ROOT_CLASS = YES_ERROR;
				CLANG_WARN_UNREACHABLE_CODE = YES;
				CLANG_WARN__DUPLICATE_METHOD_MATCH = YES;
				"CODE_SIGN_IDENTITY[sdk=iphoneos*]" = "iPhone Developer";
				COPY_PHASE_STRIP = NO;
				CURRENT_PROJECT_VERSION = 1;
				DEBUG_INFORMATION_FORMAT = dwarf;
				ENABLE_STRICT_OBJC_MSGSEND = YES;
				ENABLE_TESTABILITY = YES;
				GCC_C_LANGUAGE_STANDARD = gnu99;
				GCC_DYNAMIC_NO_PIC = NO;
				GCC_NO_COMMON_BLOCKS = YES;
				GCC_OPTIMIZATION_LEVEL = 0;
				GCC_PREPROCESSOR_DEFINITIONS = (
					"DEBUG=1",
					"$(inherited)",
				);
				GCC_WARN_64_TO_32_BIT_CONVERSION = YES;
				GCC_WARN_ABOUT_RETURN_TYPE = YES_ERROR;
				GCC_WARN_UNDECLARED_SELECTOR = YES;
				GCC_WARN_UNINITIALIZED_AUTOS = YES_AGGRESSIVE;
				GCC_WARN_UNUSED_FUNCTION = YES;
				GCC_WARN_UNUSED_VARIABLE = YES;
				IPHONEOS_DEPLOYMENT_TARGET = 9.2;
				MTL_ENABLE_DEBUG_INFO = YES;
				ONLY_ACTIVE_ARCH = YES;
				SDKROOT = iphoneos;
				SWIFT_OPTIMIZATION_LEVEL = "-Onone";
				TARGETED_DEVICE_FAMILY = "1,2";
				VERSIONING_SYSTEM = "apple-generic";
				VERSION_INFO_PREFIX = "";
			};
			name = Debug;
		};
		3DC3449B1C9C2A1F003D7F09 /* Release */ = {
			isa = XCBuildConfiguration;
			buildSettings = {
				ALWAYS_SEARCH_USER_PATHS = NO;
				CLANG_CXX_LANGUAGE_STANDARD = "gnu++0x";
				CLANG_CXX_LIBRARY = "libc++";
				CLANG_ENABLE_MODULES = YES;
				CLANG_ENABLE_OBJC_ARC = YES;
				CLANG_WARN_BOOL_CONVERSION = YES;
				CLANG_WARN_CONSTANT_CONVERSION = YES;
				CLANG_WARN_DIRECT_OBJC_ISA_USAGE = YES_ERROR;
				CLANG_WARN_EMPTY_BODY = YES;
				CLANG_WARN_ENUM_CONVERSION = YES;
				CLANG_WARN_INT_CONVERSION = YES;
				CLANG_WARN_OBJC_ROOT_CLASS = YES_ERROR;
				CLANG_WARN_UNREACHABLE_CODE = YES;
				CLANG_WARN__DUPLICATE_METHOD_MATCH = YES;
				"CODE_SIGN_IDENTITY[sdk=iphoneos*]" = "iPhone Developer";
				COPY_PHASE_STRIP = NO;
				CURRENT_PROJECT_VERSION = 1;
				DEBUG_INFORMATION_FORMAT = "dwarf-with-dsym";
				ENABLE_NS_ASSERTIONS = NO;
				ENABLE_STRICT_OBJC_MSGSEND = YES;
				GCC_C_LANGUAGE_STANDARD = gnu99;
				GCC_NO_COMMON_BLOCKS = YES;
				GCC_WARN_64_TO_32_BIT_CONVERSION = YES;
				GCC_WARN_ABOUT_RETURN_TYPE = YES_ERROR;
				GCC_WARN_UNDECLARED_SELECTOR = YES;
				GCC_WARN_UNINITIALIZED_AUTOS = YES_AGGRESSIVE;
				GCC_WARN_UNUSED_FUNCTION = YES;
				GCC_WARN_UNUSED_VARIABLE = YES;
				IPHONEOS_DEPLOYMENT_TARGET = 9.2;
				MTL_ENABLE_DEBUG_INFO = NO;
				SDKROOT = iphoneos;
				TARGETED_DEVICE_FAMILY = "1,2";
				VALIDATE_PRODUCT = YES;
				VERSIONING_SYSTEM = "apple-generic";
				VERSION_INFO_PREFIX = "";
			};
			name = Release;
		};
		3DC3449D1C9C2A1F003D7F09 /* Debug */ = {
			isa = XCBuildConfiguration;
			buildSettings = {
				CLANG_ENABLE_MODULES = YES;
				DEFINES_MODULE = YES;
				DYLIB_COMPATIBILITY_VERSION = 1;
				DYLIB_CURRENT_VERSION = 1;
				DYLIB_INSTALL_NAME_BASE = "@rpath";
				FRAMEWORK_SEARCH_PATHS = (
					"$(inherited)",
					"$(PROJECT_DIR)/Carthage/Build/iOS",
				);
				HEADER_SEARCH_PATHS = "\"$(SRCROOT)/Submodules/WhirlyGlobeSrc/WhirlyGlobe-MaplyComponent/include\"";
				INFOPLIST_FILE = MaplyAdapter/Info.plist;
				INSTALL_PATH = "$(LOCAL_LIBRARY_DIR)/Frameworks";
				LD_RUNPATH_SEARCH_PATHS = "$(inherited) @executable_path/Frameworks @loader_path/Frameworks";
				PRODUCT_BUNDLE_IDENTIFIER = uk.os.MaplyAdapter;
				PRODUCT_NAME = "$(TARGET_NAME)";
				SKIP_INSTALL = YES;
				SWIFT_OPTIMIZATION_LEVEL = "-Onone";
			};
			name = Debug;
		};
		3DC3449E1C9C2A1F003D7F09 /* Release */ = {
			isa = XCBuildConfiguration;
			buildSettings = {
				CLANG_ENABLE_MODULES = YES;
				DEFINES_MODULE = YES;
				DYLIB_COMPATIBILITY_VERSION = 1;
				DYLIB_CURRENT_VERSION = 1;
				DYLIB_INSTALL_NAME_BASE = "@rpath";
				FRAMEWORK_SEARCH_PATHS = (
					"$(inherited)",
					"$(PROJECT_DIR)/Carthage/Build/iOS",
				);
				HEADER_SEARCH_PATHS = "\"$(SRCROOT)/Submodules/WhirlyGlobeSrc/WhirlyGlobe-MaplyComponent/include\"";
				INFOPLIST_FILE = MaplyAdapter/Info.plist;
				INSTALL_PATH = "$(LOCAL_LIBRARY_DIR)/Frameworks";
				LD_RUNPATH_SEARCH_PATHS = "$(inherited) @executable_path/Frameworks @loader_path/Frameworks";
				PRODUCT_BUNDLE_IDENTIFIER = uk.os.MaplyAdapter;
				PRODUCT_NAME = "$(TARGET_NAME)";
				SKIP_INSTALL = YES;
			};
			name = Release;
		};
		3DC344A01C9C2A1F003D7F09 /* Debug */ = {
			isa = XCBuildConfiguration;
			buildSettings = {
				CLANG_ENABLE_MODULES = YES;
				FRAMEWORK_SEARCH_PATHS = (
					"$(inherited)",
					"$(PROJECT_DIR)/Carthage/Build/iOS",
				);
				HEADER_SEARCH_PATHS = "\"$(SRCROOT)/Submodules/WhirlyGlobeSrc/WhirlyGlobe-MaplyComponent/include\"";
				INFOPLIST_FILE = MaplyAdapterTests/Info.plist;
				LD_RUNPATH_SEARCH_PATHS = "$(inherited) @executable_path/Frameworks @loader_path/Frameworks";
				PRODUCT_BUNDLE_IDENTIFIER = uk.os.MaplyAdapterTests;
				PRODUCT_NAME = "$(TARGET_NAME)";
				SWIFT_OBJC_BRIDGING_HEADER = "MaplyAdapterTests/MaplyAdapterTests-Bridging-Header.h";
				SWIFT_OPTIMIZATION_LEVEL = "-Onone";
			};
			name = Debug;
		};
		3DC344A11C9C2A1F003D7F09 /* Release */ = {
			isa = XCBuildConfiguration;
			buildSettings = {
				CLANG_ENABLE_MODULES = YES;
				FRAMEWORK_SEARCH_PATHS = (
					"$(inherited)",
					"$(PROJECT_DIR)/Carthage/Build/iOS",
				);
				HEADER_SEARCH_PATHS = "\"$(SRCROOT)/Submodules/WhirlyGlobeSrc/WhirlyGlobe-MaplyComponent/include\"";
				INFOPLIST_FILE = MaplyAdapterTests/Info.plist;
				LD_RUNPATH_SEARCH_PATHS = "$(inherited) @executable_path/Frameworks @loader_path/Frameworks";
				PRODUCT_BUNDLE_IDENTIFIER = uk.os.MaplyAdapterTests;
				PRODUCT_NAME = "$(TARGET_NAME)";
				SWIFT_OBJC_BRIDGING_HEADER = "MaplyAdapterTests/MaplyAdapterTests-Bridging-Header.h";
			};
			name = Release;
		};
		3DC345051C9E1076003D7F09 /* Debug */ = {
			isa = XCBuildConfiguration;
			buildSettings = {
				ASSETCATALOG_COMPILER_APPICON_NAME = AppIcon;
				FRAMEWORK_SEARCH_PATHS = (
					"$(inherited)",
					"$(PROJECT_DIR)/Carthage/Build/iOS",
				);
				HEADER_SEARCH_PATHS = "\"$(SRCROOT)/Submodules/WhirlyGlobeSrc/WhirlyGlobe-MaplyComponent/include\"";
				INFOPLIST_FILE = MaplyExampleObjC/Info.plist;
				LD_RUNPATH_SEARCH_PATHS = "$(inherited) @executable_path/Frameworks";
				PRODUCT_BUNDLE_IDENTIFIER = uk.os.MaplyExampleObjC;
				PRODUCT_NAME = "$(TARGET_NAME)";
			};
			name = Debug;
		};
		3DC345061C9E1076003D7F09 /* Release */ = {
			isa = XCBuildConfiguration;
			buildSettings = {
				ASSETCATALOG_COMPILER_APPICON_NAME = AppIcon;
				FRAMEWORK_SEARCH_PATHS = (
					"$(inherited)",
					"$(PROJECT_DIR)/Carthage/Build/iOS",
				);
				HEADER_SEARCH_PATHS = "\"$(SRCROOT)/Submodules/WhirlyGlobeSrc/WhirlyGlobe-MaplyComponent/include\"";
				INFOPLIST_FILE = MaplyExampleObjC/Info.plist;
				LD_RUNPATH_SEARCH_PATHS = "$(inherited) @executable_path/Frameworks";
				PRODUCT_BUNDLE_IDENTIFIER = uk.os.MaplyExampleObjC;
				PRODUCT_NAME = "$(TARGET_NAME)";
			};
			name = Release;
		};
/* End XCBuildConfiguration section */

/* Begin XCConfigurationList section */
		3DC344821C9C2A1F003D7F09 /* Build configuration list for PBXProject "MaplyAdapter" */ = {
			isa = XCConfigurationList;
			buildConfigurations = (
				3DC3449A1C9C2A1F003D7F09 /* Debug */,
				3DC3449B1C9C2A1F003D7F09 /* Release */,
			);
			defaultConfigurationIsVisible = 0;
			defaultConfigurationName = Release;
		};
		3DC3449C1C9C2A1F003D7F09 /* Build configuration list for PBXNativeTarget "MaplyAdapter" */ = {
			isa = XCConfigurationList;
			buildConfigurations = (
				3DC3449D1C9C2A1F003D7F09 /* Debug */,
				3DC3449E1C9C2A1F003D7F09 /* Release */,
			);
			defaultConfigurationIsVisible = 0;
			defaultConfigurationName = Release;
		};
		3DC3449F1C9C2A1F003D7F09 /* Build configuration list for PBXNativeTarget "MaplyAdapterTests" */ = {
			isa = XCConfigurationList;
			buildConfigurations = (
				3DC344A01C9C2A1F003D7F09 /* Debug */,
				3DC344A11C9C2A1F003D7F09 /* Release */,
			);
			defaultConfigurationIsVisible = 0;
			defaultConfigurationName = Release;
		};
		3DC345041C9E1076003D7F09 /* Build configuration list for PBXNativeTarget "MaplyExampleObjC" */ = {
			isa = XCConfigurationList;
			buildConfigurations = (
				3DC345051C9E1076003D7F09 /* Debug */,
				3DC345061C9E1076003D7F09 /* Release */,
			);
			defaultConfigurationIsVisible = 0;
			defaultConfigurationName = Release;
		};
/* End XCConfigurationList section */
	};
	rootObject = 3DC3447F1C9C2A1F003D7F09 /* Project object */;
}
